{
  "nodes": {
    "flake-utils": {
      "locked": {
        "lastModified": 1659877975,
        "narHash": "sha256-zllb8aq3YO3h8B/U0/J1WBgAL8EX5yWf5pMj3G0NAmc=",
        "owner": "numtide",
        "repo": "flake-utils",
        "rev": "c0e246b9b83f637f4681389ecabcb2681b4f3af0",
        "type": "github"
      },
      "original": {
        "owner": "numtide",
        "repo": "flake-utils",
        "type": "github"
      }
    },
    "hypothesis_torch_utils": {
      "inputs": {
        "nixpkgs": [
          "nixpkgs"
        ]
      },
      "locked": {
        "lastModified": 1677119268,
        "narHash": "sha256-FoOhIBDKGrPbk8v3ngurKB0jrTuBnmC0Gz9xQGgDz2g=",
        "owner": "connorbaker",
        "repo": "hypothesis_torch_utils",
        "rev": "388546613f0057a422a7254478148fa5b4927dfb",
        "type": "github"
      },
      "original": {
        "owner": "connorbaker",
        "repo": "hypothesis_torch_utils",
        "type": "github"
      }
    },
    "mfsr_utils": {
      "inputs": {
        "hypothesis_torch_utils": [
          "hypothesis_torch_utils"
        ],
        "nixpkgs": [
          "nixpkgs"
        ]
      },
      "locked": {
        "lastModified": 1677121262,
        "narHash": "sha256-5r4fmSwrDVuvVOWVlhdd1o89rN34ZFKcM2wihKTw7oo=",
        "owner": "connorbaker",
        "repo": "mfsr_utils",
        "rev": "a64a28de536c0e8b18e27e65535fbfd40800b9cd",
        "type": "github"
      },
      "original": {
        "owner": "connorbaker",
        "repo": "mfsr_utils",
        "type": "github"
      }
    },
    "nixGL": {
      "inputs": {
        "flake-utils": "flake-utils",
        "nixpkgs": [
          "nixpkgs"
        ]
      },
      "locked": {
        "lastModified": 1676383589,
        "narHash": "sha256-KCkWZXCjH+C4Kn7fUGSrEl5btk+sERHhZueSsvVbPWc=",
        "owner": "guibou",
        "repo": "nixGL",
        "rev": "c917918ab9ebeee27b0dd657263d3f57ba6bb8ad",
        "type": "github"
      },
      "original": {
        "owner": "guibou",
        "repo": "nixGL",
        "type": "github"
      }
    },
    "nixpkgs": {
      "locked": {
        "lastModified": 1677595807,
        "narHash": "sha256-luxUZ/YesQHI9Eb1X652TXLyX1f/xG/kunxMWqw/CL8=",
        "owner": "nixos",
        "repo": "nixpkgs",
        "rev": "4a6cd14f37b22c9d2f90e3774b8ea9601025ad6b",
        "type": "github"
      },
      "original": {
        "owner": "nixos",
        "repo": "nixpkgs",
        "type": "github"
      }
    },
    "opencv-fix": {
      "locked": {
        "lastModified": 1677298230,
        "narHash": "sha256-UIicGcdp9ysmTEjpPm4ve5yTzmgahWAfQ0orRb0/zyk=",
        "owner": "connorbaker",
        "repo": "nixpkgs",
        "rev": "c70cc935d106293e6e1a75357ee5bc8bf9e68cd3",
        "type": "github"
      },
      "original": {
        "owner": "connorbaker",
        "ref": "feat/opencv-use-cudaPackages",
        "repo": "nixpkgs",
        "type": "github"
      }
    },
    "root": {
      "inputs": {
        "hypothesis_torch_utils": "hypothesis_torch_utils",
        "mfsr_utils": "mfsr_utils",
        "nixGL": "nixGL",
        "nixpkgs": "nixpkgs",
        "opencv-fix": "opencv-fix"
      }
    }
  },
  "root": "root",
  "version": 7
}
