{
  "nodes": {
    "flake-utils": {
      "locked": {
        "lastModified": 1659877975,
        "narHash": "sha256-zllb8aq3YO3h8B/U0/J1WBgAL8EX5yWf5pMj3G0NAmc=",
        "owner": "numtide",
        "repo": "flake-utils",
        "rev": "c0e246b9b83f637f4681389ecabcb2681b4f3af0",
        "type": "github"
      },
      "original": {
        "owner": "numtide",
        "repo": "flake-utils",
        "type": "github"
      }
    },
    "hypothesis_torch_utils": {
      "inputs": {
        "nixpkgs": "nixpkgs"
      },
      "locked": {
        "lastModified": 1677119268,
        "narHash": "sha256-FoOhIBDKGrPbk8v3ngurKB0jrTuBnmC0Gz9xQGgDz2g=",
        "owner": "ConnorBaker",
        "repo": "hypothesis_torch_utils",
        "rev": "388546613f0057a422a7254478148fa5b4927dfb",
        "type": "github"
      },
      "original": {
        "owner": "ConnorBaker",
        "repo": "hypothesis_torch_utils",
        "type": "github"
      }
    },
    "mfsr_utils": {
      "inputs": {
        "hypothesis_torch_utils": "hypothesis_torch_utils",
        "nixpkgs": "nixpkgs_2"
      },
      "locked": {
        "lastModified": 1677121262,
        "narHash": "sha256-5r4fmSwrDVuvVOWVlhdd1o89rN34ZFKcM2wihKTw7oo=",
        "owner": "connorbaker",
        "repo": "mfsr_utils",
        "rev": "a64a28de536c0e8b18e27e65535fbfd40800b9cd",
        "type": "github"
      },
      "original": {
        "owner": "connorbaker",
        "repo": "mfsr_utils",
        "type": "github"
      }
    },
    "nixGL": {
      "inputs": {
        "flake-utils": "flake-utils",
        "nixpkgs": [
          "nixpkgs"
        ]
      },
      "locked": {
        "lastModified": 1676383589,
        "narHash": "sha256-KCkWZXCjH+C4Kn7fUGSrEl5btk+sERHhZueSsvVbPWc=",
        "owner": "guibou",
        "repo": "nixGL",
        "rev": "c917918ab9ebeee27b0dd657263d3f57ba6bb8ad",
        "type": "github"
      },
      "original": {
        "owner": "guibou",
        "repo": "nixGL",
        "type": "github"
      }
    },
    "nixpkgs": {
      "locked": {
        "lastModified": 1677116698,
        "narHash": "sha256-y/2RqOMHcuaIluN1QaQi7D1Kt+ZT/u5Z9wAjQCJeK2I=",
        "owner": "NixOS",
        "repo": "nixpkgs",
        "rev": "af735e7623db2c72d5aa506bcef19fbb946f2b5e",
        "type": "github"
      },
      "original": {
        "owner": "NixOS",
        "repo": "nixpkgs",
        "type": "github"
      }
    },
    "nixpkgs_2": {
      "locked": {
        "lastModified": 1677116698,
        "narHash": "sha256-y/2RqOMHcuaIluN1QaQi7D1Kt+ZT/u5Z9wAjQCJeK2I=",
        "owner": "NixOS",
        "repo": "nixpkgs",
        "rev": "af735e7623db2c72d5aa506bcef19fbb946f2b5e",
        "type": "github"
      },
      "original": {
        "owner": "NixOS",
        "repo": "nixpkgs",
        "type": "github"
      }
    },
    "nixpkgs_3": {
      "locked": {
        "lastModified": 1677203436,
        "narHash": "sha256-GFy9y3GKLU/GewoxDsqIkEzZoDaZlr7fU5/eoL+sqZ0=",
        "owner": "nixos",
        "repo": "nixpkgs",
        "rev": "3a6f81747728186e1988e53ee3a7f232ceddf9f7",
        "type": "github"
      },
      "original": {
        "owner": "nixos",
        "repo": "nixpkgs",
        "type": "github"
      }
    },
    "root": {
      "inputs": {
        "mfsr_utils": "mfsr_utils",
        "nixGL": "nixGL",
        "nixpkgs": "nixpkgs_3"
      }
    }
  },
  "root": "root",
  "version": 7
}
